
Microsoft Visual Studio Solution File, Format Version 12.00
# Visual Studio Version 16
VisualStudioVersion = 25.0.1706.14
MinimumVisualStudioVersion = 10.0.40219.1
Project("{FAE04EC0-301F-11D3-BF4B-00C04F79EFBC}") = "MauiGithubActions", "MauiGithubActions.csproj", "{D31FC340-ABAA-49B3-8113-3A0C5D7229F7}"
EndProject
Project("{FAE04EC0-301F-11D3-BF4B-00C04F79EFBC}") = "MauiGithubActions.Shared", "..\MauiGithubActions.Shared\MauiGithubActions.Shared.csproj", "{00A539CF-2C3D-4351-AC87-79EF5362A4AE}"
EndProject
Global
	GlobalSection(SolutionConfigurationPlatforms) = preSolution
		Debug|Any CPU = Debug|Any CPU
		Release|Any CPU = Release|Any CPU
	EndGlobalSection
	GlobalSection(ProjectConfigurationPlatforms) = postSolution
		{D31FC340-ABAA-49B3-8113-3A0C5D7229F7}.Debug|Any CPU.ActiveCfg = Debug|Any CPU
		{D31FC340-ABAA-49B3-8113-3A0C5D7229F7}.Debug|Any CPU.Build.0 = Debug|Any CPU
		{D31FC340-ABAA-49B3-8113-3A0C5D7229F7}.Release|Any CPU.ActiveCfg = Release|Any CPU
		{D31FC340-ABAA-49B3-8113-3A0C5D7229F7}.Release|Any CPU.Build.0 = Release|Any CPU
		{00A539CF-2C3D-4351-AC87-79EF5362A4AE}.Debug|Any CPU.ActiveCfg = Debug|Any CPU
		{00A539CF-2C3D-4351-AC87-79EF5362A4AE}.Debug|Any CPU.Build.0 = Debug|Any CPU
		{00A539CF-2C3D-4351-AC87-79EF5362A4AE}.Release|Any CPU.ActiveCfg = Release|Any CPU
		{00A539CF-2C3D-4351-AC87-79EF5362A4AE}.Release|Any CPU.Build.0 = Release|Any CPU
	EndGlobalSection
	GlobalSection(SolutionProperties) = preSolution
		HideSolutionNode = FALSE
	EndGlobalSection
	GlobalSection(ExtensibilityGlobals) = postSolution
		SolutionGuid = {B27C1A9B-0716-453B-8F96-DE370234C607}
	EndGlobalSection
EndGlobal
